<?xml version="1.0" encoding="utf-8"?>
<Project ToolsVersion="4.0" xmlns="http://schemas.microsoft.com/developer/msbuild/2003">
  <ItemGroup>
    <Filter Include="Ressourcendateien">
      <UniqueIdentifier>{67DA6AB6-F800-4c08-8B7A-83BB121AAD01}</UniqueIdentifier>
      <Extensions>rc;ico;cur;bmp;dlg;rc2;rct;bin;rgs;gif;jpg;jpeg;jpe;resx;tiff;tif;png;wav;mfcribbon-ms</Extensions>
    </Filter>
  </ItemGroup>
  <ItemGroup>
    <ClInclude Include="X-Tension.h" />
    <ClInclude Include="TaskBridge.h" />
  </ItemGroup>
  <ItemGroup>
    <ClCompile Include="X-Tension.cpp" />
    <ClCompile Include="XT-AudioTranslate.cpp" />
    <ClCompile Include="TaskBridge.cpp" />
  </ItemGroup>
  <ItemGroup>
    <None Include="XT-AudioTranslate.def" />
    <None Include="README.md" />
    <None Include="packages.config" />
  </ItemGroup>
  <ItemGroup>
    <CopyFileToFolders Include="XT-AudioTranslate.cfg" />
  </ItemGroup>
</Project>